# @generated by Move, please check-in and do not edit manually.

[move]
version = 3
manifest_digest = "1F1D7EFD3F603C026803CFE43285A580F4650CAB0704DEF6D22605D42414D99E"
deps_digest = "F8BBB0CCB2491CA29A3DF03D6F92277A4F3574266507ACD77214D37ECA3F3082"
dependencies = [
  { id = "Sui", name = "Sui" },
]

[[move.package]]
id = "MoveStdlib"
source = { git = "https://github.com/MystenLabs/sui", rev = "framework/testnet", subdir = "crates\\sui-framework\\packages\\move-stdlib" }

[[move.package]]
id = "Sui"
source = { git = "https://github.com/MystenLabs/sui", rev = "framework/testnet", subdir = "crates/sui-framework/packages/sui-framework" }

dependencies = [
  { id = "MoveStdlib", name = "MoveStdlib" },
]

[move.toolchain-version]
compiler-version = "1.54.1"
edition = "2024"
flavor = "sui"

[env]

[env.testnet]
chain-id = "4c78adac"
original-published-id = "0x388b7284017b878e9dfc9bf91b7e58b9bb84da236de891ae6680554e5e00ce67"
latest-published-id = "0x388b7284017b878e9dfc9bf91b7e58b9bb84da236de891ae6680554e5e00ce67"
published-version = "1"
